<?xml version="1.0" encoding="utf-8"?>
<Project ToolsVersion="4.0" xmlns="http://schemas.microsoft.com/developer/msbuild/2003">
  <ItemGroup>
    <Filter Include="Source Files">
      <UniqueIdentifier>{4FC737F1-C7A5-4376-A066-2A32D752A2FF}</UniqueIdentifier>
      <Extensions>cpp;c;cc;cxx;def;odl;idl;hpj;bat;asm;asmx</Extensions>
    </Filter>
    <Filter Include="Header Files">
      <UniqueIdentifier>{93995380-89BD-4b04-88EB-625FBE52EBFB}</UniqueIdentifier>
      <Extensions>h;hh;hpp;hxx;hm;inl;inc;ipp;xsd</Extensions>
    </Filter>
    <Filter Include="Resource Files">
      <UniqueIdentifier>{67DA6AB6-F800-4c08-8B7A-83BB121AAD01}</UniqueIdentifier>
      <Extensions>rc;ico;cur;bmp;dlg;rc2;rct;bin;rgs;gif;jpg;jpeg;jpe;resx;tiff;tif;png;wav;mfcribbon-ms</Extensions>
    </Filter>
    <Filter Include="Header Files\EventArgs">
      <UniqueIdentifier>{7d624b41-46d3-4cbb-8f38-0f74958be697}</UniqueIdentifier>
    </Filter>
    <Filter Include="Source Files\EventArgs">
      <UniqueIdentifier>{aee57671-2adf-44ca-9a0f-0ac5d2517bcb}</UniqueIdentifier>
    </Filter>
    <Filter Include="Source Files\TCP">
      <UniqueIdentifier>{279d513d-93a2-4956-bb2c-1bc07ccdb0ff}</UniqueIdentifier>
    </Filter>
    <Filter Include="Header Files\TCP">
      <UniqueIdentifier>{7d817997-c084-439b-bdea-4689f283d2b1}</UniqueIdentifier>
    </Filter>
    <Filter Include="Source Files\UDP">
      <UniqueIdentifier>{8fb51c19-f753-4409-8d3b-1bccd5e4eda2}</UniqueIdentifier>
    </Filter>
    <Filter Include="Header Files\UDP">
      <UniqueIdentifier>{8ab64fb0-7895-418d-ae25-3ac2dc0c5913}</UniqueIdentifier>
    </Filter>
    <Filter Include="Header Files\Core">
      <UniqueIdentifier>{122ce50b-174c-44b7-9fb5-347b19363fc6}</UniqueIdentifier>
    </Filter>
    <Filter Include="Source Files\Core">
      <UniqueIdentifier>{bbdf52e4-bbb8-4def-bed0-cd6852820362}</UniqueIdentifier>
    </Filter>
    <Filter Include="Header Files\Utility">
      <UniqueIdentifier>{e2e31a0b-9ef9-46f6-816e-1678ffdc8cc7}</UniqueIdentifier>
    </Filter>
    <Filter Include="Source Files\Utility">
      <UniqueIdentifier>{b5aec816-a468-41d0-b0d0-79cbc9ca6867}</UniqueIdentifier>
    </Filter>
  </ItemGroup>
  <ItemGroup>
    <ClInclude Include="WinSock.h">
      <Filter>Header Files\Core</Filter>
    </ClInclude>
    <ClInclude Include="NWindows.h">
      <Filter>Header Files\Core</Filter>
    </ClInclude>
    <ClInclude Include="NDefines.h">
      <Filter>Header Files\Core</Filter>
    </ClInclude>
    <ClInclude Include="SocketArgs.h">
      <Filter>Header Files\EventArgs</Filter>
    </ClInclude>
    <ClInclude Include="TransferArgs.h">
      <Filter>Header Files\EventArgs</Filter>
    </ClInclude>
    <ClInclude Include="NSocketRegistry.h">
      <Filter>Header Files\Core</Filter>
    </ClInclude>
    <ClInclude Include="NSocket.h">
      <Filter>Header Files\Core</Filter>
    </ClInclude>
    <ClInclude Include="TCPServer.h">
      <Filter>Header Files\TCP</Filter>
    </ClInclude>
    <ClInclude Include="TCPClient.h">
      <Filter>Header Files\TCP</Filter>
    </ClInclude>
    <ClInclude Include="IPEndPoint.h">
      <Filter>Header Files\Utility</Filter>
    </ClInclude>
    <ClInclude Include="SocketOptions.h">
      <Filter>Header Files\Utility</Filter>
    </ClInclude>
    <ClInclude Include="ISendable.h">
      <Filter>Header Files\Core</Filter>
    </ClInclude>
    <ClInclude Include="ESocketType.h">
      <Filter>Header Files\Utility</Filter>
    </ClInclude>
    <ClInclude Include="ESocketProtocol.h">
      <Filter>Header Files\Utility</Filter>
    </ClInclude>
    <ClInclude Include="ESocketFlags.h">
      <Filter>Header Files\Utility</Filter>
    </ClInclude>
    <ClInclude Include="ESocketFamily.h">
      <Filter>Header Files\Utility</Filter>
    </ClInclude>
  </ItemGroup>
  <ItemGroup>
    <ClCompile Include="SocketArgs.cpp">
      <Filter>Source Files\EventArgs</Filter>
    </ClCompile>
    <ClCompile Include="TransferArgs.cpp">
      <Filter>Source Files\EventArgs</Filter>
    </ClCompile>
    <ClCompile Include="NSocketRegistry.cpp">
      <Filter>Source Files\Core</Filter>
    </ClCompile>
    <ClCompile Include="NSocket.cpp">
      <Filter>Source Files\Core</Filter>
    </ClCompile>
    <ClCompile Include="WinSock.c">
      <Filter>Source Files\Core</Filter>
    </ClCompile>
    <ClCompile Include="TCPServer.cpp">
      <Filter>Source Files\TCP</Filter>
    </ClCompile>
    <ClCompile Include="TCPClient.cpp">
      <Filter>Source Files\TCP</Filter>
    </ClCompile>
  </ItemGroup>
</Project>