
Microsoft Visual Studio Solution File, Format Version 12.00
# Visual Studio 15
VisualStudioVersion = 15.0.27428.2015
MinimumVisualStudioVersion = 10.0.40219.1
Project("{FAE04EC0-301F-11D3-BF4B-00C04F79EFBC}") = "NConnectivity", "NConnectivity\NConnectivity.csproj", "{2B16AFEC-7FA7-4963-89C0-661901B8E113}"
EndProject
Project("{FAE04EC0-301F-11D3-BF4B-00C04F79EFBC}") = "NConnectivity.Tests", "..\NConnectivity.Tests\NConnectivity.Tests.csproj", "{17384608-BF00-44C4-8F54-B97F6E926C5D}"
EndProject
Global
	GlobalSection(SolutionConfigurationPlatforms) = preSolution
		Debug|Any CPU = Debug|Any CPU
		Release|Any CPU = Release|Any CPU
	EndGlobalSection
	GlobalSection(ProjectConfigurationPlatforms) = postSolution
		{2B16AFEC-7FA7-4963-89C0-661901B8E113}.Debug|Any CPU.ActiveCfg = Debug|Any CPU
		{2B16AFEC-7FA7-4963-89C0-661901B8E113}.Debug|Any CPU.Build.0 = Debug|Any CPU
		{2B16AFEC-7FA7-4963-89C0-661901B8E113}.Release|Any CPU.ActiveCfg = Release|Any CPU
		{2B16AFEC-7FA7-4963-89C0-661901B8E113}.Release|Any CPU.Build.0 = Release|Any CPU
		{17384608-BF00-44C4-8F54-B97F6E926C5D}.Debug|Any CPU.ActiveCfg = Debug|Any CPU
		{17384608-BF00-44C4-8F54-B97F6E926C5D}.Debug|Any CPU.Build.0 = Debug|Any CPU
		{17384608-BF00-44C4-8F54-B97F6E926C5D}.Release|Any CPU.ActiveCfg = Release|Any CPU
		{17384608-BF00-44C4-8F54-B97F6E926C5D}.Release|Any CPU.Build.0 = Release|Any CPU
	EndGlobalSection
	GlobalSection(SolutionProperties) = preSolution
		HideSolutionNode = FALSE
	EndGlobalSection
	GlobalSection(ExtensibilityGlobals) = postSolution
		SolutionGuid = {19341DE6-1C18-440E-BAC2-FE86EA31E23F}
	EndGlobalSection
EndGlobal
